{
  "version": "5",
  "specifiers": {
    "jsr:@david/code-block-writer@^13.0.3": "13.0.3",
    "jsr:@deno/dnt@~0.42.3": "0.42.3",
    "jsr:@std/assert@^1.0.17": "1.0.19",
    "jsr:@std/assert@^1.0.19": "1.0.19",
    "jsr:@std/async@^1.2.0": "1.2.0",
    "jsr:@std/collections@^1.1.6": "1.1.6",
    "jsr:@std/encoding@^1.0.10": "1.0.10",
    "jsr:@std/fmt@1": "1.0.9",
    "jsr:@std/fs@1": "1.0.23",
    "jsr:@std/fs@^1.0.23": "1.0.23",
    "jsr:@std/internal@^1.0.12": "1.0.12",
    "jsr:@std/path@1": "1.1.4",
    "jsr:@std/path@^1.1.4": "1.1.4",
    "jsr:@std/testing@^1.0.17": "1.0.17",
    "jsr:@storage/fns@~0.11.0-beta.2": "0.11.0-beta.2",
    "jsr:@storage/test@0.11.0-beta.2": "0.11.0-beta.2",
    "jsr:@storage/types@0.11.0-beta.2": "0.11.0-beta.2",
    "jsr:@storage/types@~0.11.0-beta.2": "0.11.0-beta.2",
    "jsr:@storage/util@~0.11.0-beta.2": "0.11.0-beta.2",
    "jsr:@ts-morph/bootstrap@0.27": "0.27.0",
    "jsr:@ts-morph/common@0.27": "0.27.0",
    "npm:@forge/kvs@^1.5.0": "1.5.0",
    "npm:@types/node@*": "24.2.0"
  },
  "jsr": {
    "@david/code-block-writer@13.0.3": {
      "integrity": "f98c77d320f5957899a61bfb7a9bead7c6d83ad1515daee92dbacc861e13bb7f"
    },
    "@deno/dnt@0.42.3": {
      "integrity": "62a917a0492f3c8af002dce90605bb0d41f7d29debc06aca40dba72ab65d8ae3",
      "dependencies": [
        "jsr:@david/code-block-writer",
        "jsr:@std/fmt",
        "jsr:@std/fs@1",
        "jsr:@std/path@1",
        "jsr:@ts-morph/bootstrap"
      ]
    },
    "@std/assert@1.0.19": {
      "integrity": "eaada96ee120cb980bc47e040f82814d786fe8162ecc53c91d8df60b8755991e",
      "dependencies": [
        "jsr:@std/internal"
      ]
    },
    "@std/async@1.2.0": {
      "integrity": "c059c6f6d95ca7cc012ae8e8d7164d1697113d54b0b679e4372b354b11c2dee5"
    },
    "@std/collections@1.1.6": {
      "integrity": "b458160ce65ea5ad35da05d0a5cbee4b583677c8b443a10d7beb0c4ac63f2baa"
    },
    "@std/encoding@1.0.10": {
      "integrity": "8783c6384a2d13abd5e9e87a7ae0520a30e9f56aeeaa3bdf910a3eaaf5c811a1"
    },
    "@std/fmt@1.0.9": {
      "integrity": "2487343e8899fb2be5d0e3d35013e54477ada198854e52dd05ed0422eddcabe0"
    },
    "@std/fs@1.0.23": {
      "integrity": "3ecbae4ce4fee03b180fa710caff36bb5adb66631c46a6460aaad49515565a37",
      "dependencies": [
        "jsr:@std/internal",
        "jsr:@std/path@^1.1.4"
      ]
    },
    "@std/internal@1.0.12": {
      "integrity": "972a634fd5bc34b242024402972cd5143eac68d8dffaca5eaa4dba30ce17b027"
    },
    "@std/path@1.1.4": {
      "integrity": "1d2d43f39efb1b42f0b1882a25486647cb851481862dc7313390b2bb044314b5",
      "dependencies": [
        "jsr:@std/internal"
      ]
    },
    "@std/testing@1.0.17": {
      "integrity": "87bdc2700fa98249d48a17cd72413352d3d3680dcfbdb64947fd0982d6bbf681",
      "dependencies": [
        "jsr:@std/assert@^1.0.17"
      ]
    },
    "@storage/fns@0.11.0-beta.2": {
      "integrity": "8451d87c9f835418e981b41683479b36264a8f96ff24820ba0a5f1becdf4299b",
      "dependencies": [
        "jsr:@std/async",
        "jsr:@storage/types@~0.11.0-beta.2",
        "jsr:@storage/util"
      ]
    },
    "@storage/test@0.11.0-beta.2": {
      "integrity": "4c6cd08bca505e2590506318655a700e31b97ad5fdb2f3160b241d3d6ab315a5",
      "dependencies": [
        "jsr:@std/assert@^1.0.19",
        "jsr:@std/testing",
        "jsr:@storage/fns",
        "jsr:@storage/types@~0.11.0-beta.2"
      ]
    },
    "@storage/types@0.11.0-beta.2": {
      "integrity": "50d877977db6e416215699db480070dd8dd2084267c0876fd0c5adb22330fa15"
    },
    "@storage/util@0.11.0-beta.2": {
      "integrity": "e717d9612ced3ba0ac1035c11b4a496efa1b29b3a445e06e840118a7b4e99277",
      "dependencies": [
        "jsr:@std/async",
        "jsr:@storage/types@~0.11.0-beta.2"
      ]
    },
    "@ts-morph/bootstrap@0.27.0": {
      "integrity": "b8d7bc8f7942ce853dde4161b28f9aa96769cef3d8eebafb379a81800b9e2448",
      "dependencies": [
        "jsr:@ts-morph/common"
      ]
    },
    "@ts-morph/common@0.27.0": {
      "integrity": "c7b73592d78ce8479b356fd4f3d6ec3c460d77753a8680ff196effea7a939052",
      "dependencies": [
        "jsr:@std/fs@1",
        "jsr:@std/path@1"
      ]
    }
  },
  "npm": {
    "@forge/api@7.1.1": {
      "integrity": "sha512-OYaiNlP/oDjVrwwEmOj3LbcV2NgyQv0l14d6YsqlCusxaif1t96ArgUj3BMha/jvEINsgIq52RLUgUqRqBvJmQ==",
      "dependencies": [
        "@forge/auth",
        "@forge/egress",
        "@forge/i18n",
        "@forge/manifest",
        "@forge/storage",
        "headers-utils"
      ]
    },
    "@forge/auth@0.0.9": {
      "integrity": "sha512-3qZZNknFprzDkrXzBVKHqVD12r/b2K9cu/RJh9TP3QLiF18v7bdoD1fgZZbVavKJUmCNdQERk6NTVQLmmEszhg==",
      "dependencies": [
        "tslib"
      ]
    },
    "@forge/egress@2.3.1": {
      "integrity": "sha512-NoqQsoPj98F8yBJyUUy72PEdcqvJo7upGWTllZ6RN3ZAxvmq2jnCrJ+ipVBYqTIHJLhKNc2PKxRpBls7NQA20A=="
    },
    "@forge/i18n@0.0.7": {
      "integrity": "sha512-EKrQApcuI4k4AkUSeERkZv1dQaGjWsmB8i7ciDPtpDARPRH1sOrU+FSEOoA7b9FQ15++7Q144m94w/aMLCg5Gg==",
      "dependencies": [
        "lodash"
      ]
    },
    "@forge/kvs@1.5.0": {
      "integrity": "sha512-RFrI7I0VrnvihaIWF7p8ZIUvuuackuZjnSG/sD2buNo2fQSAfvbJh5qXczStXfiFI0A+AcDbgnzOLPC4oP5KGA==",
      "dependencies": [
        "@forge/api"
      ]
    },
    "@forge/manifest@12.3.0": {
      "integrity": "sha512-4yBKiSr9sL7mfDKJ0RPEnyGROrEHbsrAIX9YxJY4zGMCJDKAE2gwRR+BgJBHnffDwMoW8t0ggCg+TFpRehNhfw==",
      "dependencies": [
        "@forge/i18n",
        "@sentry/node",
        "ajv",
        "ajv-formats",
        "cheerio",
        "glob",
        "lodash",
        "mime-types",
        "yaml"
      ]
    },
    "@forge/storage@2.0.3": {
      "integrity": "sha512-DvliHUgr9AYPslpFWBB4LufS8yzvJisqfpP+CCAwo76xBWNlXWFd3PRFA/DaZeGz+Vb4vmBYP7qFMqM1oijIrQ=="
    },
    "@sentry-internal/tracing@7.106.0": {
      "integrity": "sha512-O8Es6Sa/tP80nfl+8soNfWzeRNFcT484SvjLR8BS3pHM9KDAlwNXyoQhFr2BKNYL1irbq6UF6eku4xCnUKVmqA==",
      "dependencies": [
        "@sentry/core",
        "@sentry/types",
        "@sentry/utils"
      ]
    },
    "@sentry/core@7.106.0": {
      "integrity": "sha512-Dc13XtnyFaXup2E4vCbzuG0QKAVjrJBk4qfGwvSJaTuopEaEWBs2MpK6hRzFhsz9S3T0La7c1F/62NptvTUWsQ==",
      "dependencies": [
        "@sentry/types",
        "@sentry/utils"
      ]
    },
    "@sentry/node@7.106.0": {
      "integrity": "sha512-4DIqbu5K7//lK/k2nV8lqKeGQzhu2T1OpJFmiUrjN6fUKWivGFjZrcmQDS7tvhAAyJezkL3LlrNU4tjPHUElPA==",
      "dependencies": [
        "@sentry-internal/tracing",
        "@sentry/core",
        "@sentry/types",
        "@sentry/utils"
      ]
    },
    "@sentry/types@7.106.0": {
      "integrity": "sha512-oKTkDaL6P9xJC5/zHLRemHTWboUqRYjkJNaZCN63j4kJqGy56wee4vDtDese/NWWn4U4C1QV1h+Mifm2HmDcQg=="
    },
    "@sentry/utils@7.106.0": {
      "integrity": "sha512-bVsePsXLpFu/1sH4rpJrPcnVxW2fXXfGfGxKs6Bm+dkOMbuVTlk/KAzIbdjCDIpVlrMDJmMNEv5xgTFjgWDkjw==",
      "dependencies": [
        "@sentry/types"
      ]
    },
    "@types/node@24.2.0": {
      "integrity": "sha512-3xyG3pMCq3oYCNg7/ZP+E1ooTaGB4cG8JWRsqqOYQdbWNY4zbaV0Ennrd7stjiJEFZCaybcIgpTjJWHRfBSIDw==",
      "dependencies": [
        "undici-types"
      ]
    },
    "ajv-formats@2.1.1_ajv@8.18.0": {
      "integrity": "sha512-Wx0Kx52hxE7C18hkMEggYlEifqWZtYaRgouJor+WMdPnQyEK13vgEWyVNup7SoeeoLMsr4kf5h6dOW11I15MUA==",
      "dependencies": [
        "ajv"
      ],
      "optionalPeers": [
        "ajv"
      ]
    },
    "ajv@8.18.0": {
      "integrity": "sha512-PlXPeEWMXMZ7sPYOHqmDyCJzcfNrUr3fGNKtezX14ykXOEIvyK81d+qydx89KY5O71FKMPaQ2vBfBFI5NHR63A==",
      "dependencies": [
        "fast-deep-equal",
        "fast-uri",
        "json-schema-traverse",
        "require-from-string"
      ]
    },
    "balanced-match@4.0.4": {
      "integrity": "sha512-BLrgEcRTwX2o6gGxGOCNyMvGSp35YofuYzw9h1IMTRmKqttAZZVU67bdb9Pr2vUHA8+j3i2tJfjO6C6+4myGTA=="
    },
    "boolbase@1.0.0": {
      "integrity": "sha512-JZOSA7Mo9sNGB8+UjSgzdLtokWAky1zbztM3WRLCbZ70/3cTANmQmOdR7y2g+J0e2WXywy1yS468tY+IruqEww=="
    },
    "brace-expansion@5.0.5": {
      "integrity": "sha512-VZznLgtwhn+Mact9tfiwx64fA9erHH/MCXEUfB/0bX/6Fz6ny5EGTXYltMocqg4xFAQZtnO3DHWWXi8RiuN7cQ==",
      "dependencies": [
        "balanced-match"
      ]
    },
    "cheerio-select@2.1.0": {
      "integrity": "sha512-9v9kG0LvzrlcungtnJtpGNxY+fzECQKhK4EGJX2vByejiMX84MFNQw4UxPJl3bFbTMw+Dfs37XaIkCwTZfLh4g==",
      "dependencies": [
        "boolbase",
        "css-select",
        "css-what",
        "domelementtype",
        "domhandler",
        "domutils"
      ]
    },
    "cheerio@1.2.0": {
      "integrity": "sha512-WDrybc/gKFpTYQutKIK6UvfcuxijIZfMfXaYm8NMsPQxSYvf+13fXUJ4rztGGbJcBQ/GF55gvrZ0Bc0bj/mqvg==",
      "dependencies": [
        "cheerio-select",
        "dom-serializer",
        "domhandler",
        "domutils",
        "encoding-sniffer",
        "htmlparser2",
        "parse5",
        "parse5-htmlparser2-tree-adapter",
        "parse5-parser-stream",
        "undici",
        "whatwg-mimetype"
      ]
    },
    "css-select@5.2.2": {
      "integrity": "sha512-TizTzUddG/xYLA3NXodFM0fSbNizXjOKhqiQQwvhlspadZokn1KDy0NZFS0wuEubIYAV5/c1/lAr0TaaFXEXzw==",
      "dependencies": [
        "boolbase",
        "css-what",
        "domhandler",
        "domutils",
        "nth-check"
      ]
    },
    "css-what@6.2.2": {
      "integrity": "sha512-u/O3vwbptzhMs3L1fQE82ZSLHQQfto5gyZzwteVIEyeaY5Fc7R4dapF/BvRoSYFeqfBk4m0V1Vafq5Pjv25wvA=="
    },
    "dom-serializer@2.0.0": {
      "integrity": "sha512-wIkAryiqt/nV5EQKqQpo3SToSOV9J0DnbJqwK7Wv/Trc92zIAYZ4FlMu+JPFW1DfGFt81ZTCGgDEabffXeLyJg==",
      "dependencies": [
        "domelementtype",
        "domhandler",
        "entities@4.5.0"
      ]
    },
    "domelementtype@2.3.0": {
      "integrity": "sha512-OLETBj6w0OsagBwdXnPdN0cnMfF9opN69co+7ZrbfPGrdpPVNBUj02spi6B1N7wChLQiPn4CSH/zJvXw56gmHw=="
    },
    "domhandler@5.0.3": {
      "integrity": "sha512-cgwlv/1iFQiFnU96XXgROh8xTeetsnJiDsTc7TYCLFd9+/WNkIqPTxiM/8pSd8VIrhXGTf1Ny1q1hquVqDJB5w==",
      "dependencies": [
        "domelementtype"
      ]
    },
    "domutils@3.2.2": {
      "integrity": "sha512-6kZKyUajlDuqlHKVX1w7gyslj9MPIXzIFiz/rGu35uC1wMi+kMhQwGhl4lt9unC9Vb9INnY9Z3/ZA3+FhASLaw==",
      "dependencies": [
        "dom-serializer",
        "domelementtype",
        "domhandler"
      ]
    },
    "encoding-sniffer@0.2.1": {
      "integrity": "sha512-5gvq20T6vfpekVtqrYQsSCFZ1wEg5+wW0/QaZMWkFr6BqD3NfKs0rLCx4rrVlSWJeZb5NBJgVLswK/w2MWU+Gw==",
      "dependencies": [
        "iconv-lite",
        "whatwg-encoding"
      ]
    },
    "entities@4.5.0": {
      "integrity": "sha512-V0hjH4dGPh9Ao5p0MoRY6BVqtwCjhz6vI5LT8AJ55H+4g9/4vbHx1I54fS0XuclLhDHArPQCiMjDxjaL8fPxhw=="
    },
    "entities@6.0.1": {
      "integrity": "sha512-aN97NXWF6AWBTahfVOIrB/NShkzi5H7F9r1s9mD3cDj4Ko5f2qhhVoYMibXF7GlLveb/D2ioWay8lxI97Ven3g=="
    },
    "entities@7.0.1": {
      "integrity": "sha512-TWrgLOFUQTH994YUyl1yT4uyavY5nNB5muff+RtWaqNVCAK408b5ZnnbNAUEWLTCpum9w6arT70i1XdQ4UeOPA=="
    },
    "fast-deep-equal@3.1.3": {
      "integrity": "sha512-f3qQ9oQy9j2AhBe/H9VC91wLmKBCCU/gDOnKNAYG5hswO7BLKj09Hc5HYNz9cGI++xlpDCIgDaitVs03ATR84Q=="
    },
    "fast-uri@3.1.0": {
      "integrity": "sha512-iPeeDKJSWf4IEOasVVrknXpaBV0IApz/gp7S2bb7Z4Lljbl2MGJRqInZiUrQwV16cpzw/D3S5j5Julj/gT52AA=="
    },
    "glob@13.0.6": {
      "integrity": "sha512-Wjlyrolmm8uDpm/ogGyXZXb1Z+Ca2B8NbJwqBVg0axK9GbBeoS7yGV6vjXnYdGm6X53iehEuxxbyiKp8QmN4Vw==",
      "dependencies": [
        "minimatch",
        "minipass",
        "path-scurry"
      ]
    },
    "headers-utils@3.0.2": {
      "integrity": "sha512-xAxZkM1dRyGV2Ou5bzMxBPNLoRCjcX+ya7KSWybQD2KwLphxsapUVK6x/02o7f4VU6GPSXch9vNY2+gkU8tYWQ=="
    },
    "htmlparser2@10.1.0": {
      "integrity": "sha512-VTZkM9GWRAtEpveh7MSF6SjjrpNVNNVJfFup7xTY3UpFtm67foy9HDVXneLtFVt4pMz5kZtgNcvCniNFb1hlEQ==",
      "dependencies": [
        "domelementtype",
        "domhandler",
        "domutils",
        "entities@7.0.1"
      ]
    },
    "iconv-lite@0.6.3": {
      "integrity": "sha512-4fCk79wshMdzMp2rH06qWrJE4iolqLhCUH+OiuIgU++RB0+94NlDL81atO7GX55uUKueo0txHNtvEyI6D7WdMw==",
      "dependencies": [
        "safer-buffer"
      ]
    },
    "json-schema-traverse@1.0.0": {
      "integrity": "sha512-NM8/P9n3XjXhIZn1lLhkFaACTOURQXjWhV4BA/RnOv8xvgqtqpAX9IO4mRQxSx1Rlo4tqzeqb0sOlruaOy3dug=="
    },
    "lodash@4.17.23": {
      "integrity": "sha512-LgVTMpQtIopCi79SJeDiP0TfWi5CNEc/L/aRdTh3yIvmZXTnheWpKjSZhnvMl8iXbC1tFg9gdHHDMLoV7CnG+w=="
    },
    "lru-cache@11.2.7": {
      "integrity": "sha512-aY/R+aEsRelme17KGQa/1ZSIpLpNYYrhcrepKTZgE+W3WM16YMCaPwOHLHsmopZHELU0Ojin1lPVxKR0MihncA=="
    },
    "mime-db@1.52.0": {
      "integrity": "sha512-sPU4uV7dYlvtWJxwwxHD0PuihVNiE7TyAbQ5SWxDCB9mUYvOgroQOwYQQOKPJ8CIbE+1ETVlOoK1UC2nU3gYvg=="
    },
    "mime-types@2.1.35": {
      "integrity": "sha512-ZDY+bPm5zTTF+YpCrAU9nK0UgICYPT0QtT1NZWFv4s++TNkcgVaT0g6+4R2uI4MjQjzysHB1zxuWL50hzaeXiw==",
      "dependencies": [
        "mime-db"
      ]
    },
    "minimatch@10.2.4": {
      "integrity": "sha512-oRjTw/97aTBN0RHbYCdtF1MQfvusSIBQM0IZEgzl6426+8jSC0nF1a/GmnVLpfB9yyr6g6FTqWqiZVbxrtaCIg==",
      "dependencies": [
        "brace-expansion"
      ]
    },
    "minipass@7.1.3": {
      "integrity": "sha512-tEBHqDnIoM/1rXME1zgka9g6Q2lcoCkxHLuc7ODJ5BxbP5d4c2Z5cGgtXAku59200Cx7diuHTOYfSBD8n6mm8A=="
    },
    "nth-check@2.1.1": {
      "integrity": "sha512-lqjrjmaOoAnWfMmBPL+XNnynZh2+swxiX3WUE0s4yEHI6m+AwrK2UZOimIRl3X/4QctVqS8AiZjFqyOGrMXb/w==",
      "dependencies": [
        "boolbase"
      ]
    },
    "parse5-htmlparser2-tree-adapter@7.1.0": {
      "integrity": "sha512-ruw5xyKs6lrpo9x9rCZqZZnIUntICjQAd0Wsmp396Ul9lN/h+ifgVV1x1gZHi8euej6wTfpqX8j+BFQxF0NS/g==",
      "dependencies": [
        "domhandler",
        "parse5"
      ]
    },
    "parse5-parser-stream@7.1.2": {
      "integrity": "sha512-JyeQc9iwFLn5TbvvqACIF/VXG6abODeB3Fwmv/TGdLk2LfbWkaySGY72at4+Ty7EkPZj854u4CrICqNk2qIbow==",
      "dependencies": [
        "parse5"
      ]
    },
    "parse5@7.3.0": {
      "integrity": "sha512-IInvU7fabl34qmi9gY8XOVxhYyMyuH2xUNpb2q8/Y+7552KlejkRvqvD19nMoUW/uQGGbqNpA6Tufu5FL5BZgw==",
      "dependencies": [
        "entities@6.0.1"
      ]
    },
    "path-scurry@2.0.2": {
      "integrity": "sha512-3O/iVVsJAPsOnpwWIeD+d6z/7PmqApyQePUtCndjatj/9I5LylHvt5qluFaBT3I5h3r1ejfR056c+FCv+NnNXg==",
      "dependencies": [
        "lru-cache",
        "minipass"
      ]
    },
    "require-from-string@2.0.2": {
      "integrity": "sha512-Xf0nWe6RseziFMu+Ap9biiUbmplq6S9/p+7w7YXP/JBHhrUDDUhwa+vANyubuqfZWTveU//DYVGsDG7RKL/vEw=="
    },
    "safer-buffer@2.1.2": {
      "integrity": "sha512-YZo3K82SD7Riyi0E1EQPojLz7kpepnSQI9IyPbHHg1XXXevb5dJI7tpyN2ADxGcQbHG7vcyRHk0cbwqcQriUtg=="
    },
    "tslib@2.8.1": {
      "integrity": "sha512-oJFu94HQb+KVduSUQL7wnpmqnfmLsOA/nAh6b6EH0wCEoK0/mPeXU6c3wKDV83MkOuHPRHtSXKKU99IBazS/2w=="
    },
    "undici-types@7.10.0": {
      "integrity": "sha512-t5Fy/nfn+14LuOc2KNYg75vZqClpAiqscVvMygNnlsHBFpSXdJaYtXMcdNLpl/Qvc3P2cB3s6lOV51nqsFq4ag=="
    },
    "undici@7.24.6": {
      "integrity": "sha512-Xi4agocCbRzt0yYMZGMA6ApD7gvtUFaxm4ZmeacWI4cZxaF6C+8I8QfofC20NAePiB/IcvZmzkJ7XPa471AEtA=="
    },
    "whatwg-encoding@3.1.1": {
      "integrity": "sha512-6qN4hJdMwfYBtE3YBTTHhoeuUrDBPZmbQaxWAqSALV/MeEnR5z1xd8UKud2RAkFoPkmB+hli1TZSnyi84xz1vQ==",
      "dependencies": [
        "iconv-lite"
      ],
      "deprecated": true
    },
    "whatwg-mimetype@4.0.0": {
      "integrity": "sha512-QaKxh0eNIi2mE9p2vEdzfagOKHCcj1pJ56EEHGQOVxp8r9/iszLUUV7v89x9O1p/T+NlTM5W7jW6+cz4Fq1YVg=="
    },
    "yaml@2.8.3": {
      "integrity": "sha512-AvbaCLOO2Otw/lW5bmh9d/WEdcDFdQp2Z2ZUH3pX9U2ihyUY0nvLv7J6TrWowklRGPYbB/IuIMfYgxaCPg5Bpg==",
      "bin": true
    }
  },
  "workspace": {
    "dependencies": [
      "jsr:@deno/dnt@~0.42.3",
      "jsr:@std/assert@^1.0.19",
      "jsr:@std/async@^1.2.0",
      "jsr:@std/collections@^1.1.6",
      "jsr:@std/encoding@^1.0.10",
      "jsr:@std/fs@^1.0.23",
      "jsr:@std/path@^1.1.4",
      "jsr:@storage/test@0.11.0-beta.2",
      "jsr:@storage/types@0.11.0-beta.2",
      "npm:@forge/kvs@^1.5.0"
    ]
  }
}
