{
  "version": "5",
  "specifiers": {
    "jsr:@david/code-block-writer@^13.0.3": "13.0.3",
    "jsr:@deno/dnt@~0.42.3": "0.42.3",
    "jsr:@jollytoad/store-common@0.7": "0.7.0",
    "jsr:@std/assert@^1.0.14": "1.0.14",
    "jsr:@std/encoding@^1.0.10": "1.0.10",
    "jsr:@std/fmt@1": "1.0.8",
    "jsr:@std/fs@1": "1.0.19",
    "jsr:@std/fs@^1.0.19": "1.0.19",
    "jsr:@std/internal@^1.0.10": "1.0.10",
    "jsr:@std/internal@^1.0.9": "1.0.10",
    "jsr:@std/path@1": "1.1.2",
    "jsr:@std/path@^1.1.1": "1.1.2",
    "jsr:@std/path@^1.1.2": "1.1.2",
    "jsr:@ts-morph/bootstrap@0.27": "0.27.0",
    "jsr:@ts-morph/common@0.27": "0.27.0",
    "npm:@forge/kvs@^1.0.5": "1.0.5"
  },
  "jsr": {
    "@david/code-block-writer@13.0.3": {
      "integrity": "f98c77d320f5957899a61bfb7a9bead7c6d83ad1515daee92dbacc861e13bb7f"
    },
    "@deno/dnt@0.42.3": {
      "integrity": "62a917a0492f3c8af002dce90605bb0d41f7d29debc06aca40dba72ab65d8ae3",
      "dependencies": [
        "jsr:@david/code-block-writer",
        "jsr:@std/fmt",
        "jsr:@std/fs@1",
        "jsr:@std/path@1",
        "jsr:@ts-morph/bootstrap"
      ]
    },
    "@jollytoad/store-common@0.7.0": {
      "integrity": "491258cecca7e9c44ee8feac5e7ecbc1421ddb945b61791e9688725c7aa26f52",
      "dependencies": [
        "jsr:@std/assert"
      ]
    },
    "@std/assert@1.0.14": {
      "integrity": "68d0d4a43b365abc927f45a9b85c639ea18a9fab96ad92281e493e4ed84abaa4",
      "dependencies": [
        "jsr:@std/internal@^1.0.10"
      ]
    },
    "@std/encoding@1.0.10": {
      "integrity": "8783c6384a2d13abd5e9e87a7ae0520a30e9f56aeeaa3bdf910a3eaaf5c811a1"
    },
    "@std/fmt@1.0.8": {
      "integrity": "71e1fc498787e4434d213647a6e43e794af4fd393ef8f52062246e06f7e372b7"
    },
    "@std/fs@1.0.19": {
      "integrity": "051968c2b1eae4d2ea9f79a08a3845740ef6af10356aff43d3e2ef11ed09fb06",
      "dependencies": [
        "jsr:@std/internal@^1.0.9",
        "jsr:@std/path@^1.1.1"
      ]
    },
    "@std/internal@1.0.10": {
      "integrity": "e3be62ce42cab0e177c27698e5d9800122f67b766a0bea6ca4867886cbde8cf7"
    },
    "@std/path@1.1.2": {
      "integrity": "c0b13b97dfe06546d5e16bf3966b1cadf92e1cc83e56ba5476ad8b498d9e3038",
      "dependencies": [
        "jsr:@std/internal@^1.0.10"
      ]
    },
    "@ts-morph/bootstrap@0.27.0": {
      "integrity": "b8d7bc8f7942ce853dde4161b28f9aa96769cef3d8eebafb379a81800b9e2448",
      "dependencies": [
        "jsr:@ts-morph/common"
      ]
    },
    "@ts-morph/common@0.27.0": {
      "integrity": "c7b73592d78ce8479b356fd4f3d6ec3c460d77753a8680ff196effea7a939052",
      "dependencies": [
        "jsr:@std/fs@1",
        "jsr:@std/path@1"
      ]
    }
  },
  "npm": {
    "@forge/api@6.1.1": {
      "integrity": "sha512-P3pboP1KaugP4pe1TSO3kxqrdZPFm7Vff1mVAljnEBrGHeobM9+5lrzQzbwtYEmT2v2GprIUbKl5d2ZM5mZ5dg==",
      "dependencies": [
        "@forge/auth",
        "@forge/egress",
        "@forge/i18n",
        "@forge/storage",
        "headers-utils"
      ]
    },
    "@forge/auth@0.0.8": {
      "integrity": "sha512-nsI81rMYJz9qXSWrKiK6/ph0QIjwEUrBlUa6P/2+s8Gwwur/U82SDux3A25o4rbsqLdqWdpOTi/iRSKL1zUZfQ==",
      "dependencies": [
        "tslib"
      ]
    },
    "@forge/egress@2.0.3": {
      "integrity": "sha512-14/exz4CizuPo3JD8bCacKhTmfyDZ1XRuVIjGX8DmUpWr1m7AQG7zkgXoC+dBxFBuP2eQovpFjfBvaDAdZqA/g==",
      "dependencies": [
        "minimatch"
      ]
    },
    "@forge/i18n@0.0.7": {
      "integrity": "sha512-EKrQApcuI4k4AkUSeERkZv1dQaGjWsmB8i7ciDPtpDARPRH1sOrU+FSEOoA7b9FQ15++7Q144m94w/aMLCg5Gg==",
      "dependencies": [
        "lodash"
      ]
    },
    "@forge/kvs@1.0.5": {
      "integrity": "sha512-4wvLkIP5JB1rqoo1LhMVPWAKTyL+2fsPjNYLUezzC8Bl5ck8cJQTzwplFweN2n3mtgLjw7mtTO+7Gdx4GmEVmw==",
      "dependencies": [
        "@forge/api"
      ]
    },
    "@forge/storage@2.0.2": {
      "integrity": "sha512-SDluSn0lG0RPXHXaIEtJD1+4amfXOPlUgyYpPIGve8vlmOcV0WVjsuXGtMzOBV+JrftXFZe/UTphVZll0Oat0Q=="
    },
    "balanced-match@1.0.2": {
      "integrity": "sha512-3oSeUO0TMV67hN1AmbXsK4yaqU7tjiHlbxRDZOpH0KW9+CeX4bRAaX0Anxt0tx2MrpRpWwQaPwIlISEJhYU5Pw=="
    },
    "brace-expansion@2.0.2": {
      "integrity": "sha512-Jt0vHyM+jmUBqojB7E1NIYadt0vI0Qxjxd2TErW94wDz+E2LAm5vKMXXwg6ZZBTHPuUlDgQHKXvjGBdfcF1ZDQ==",
      "dependencies": [
        "balanced-match"
      ]
    },
    "headers-utils@3.0.2": {
      "integrity": "sha512-xAxZkM1dRyGV2Ou5bzMxBPNLoRCjcX+ya7KSWybQD2KwLphxsapUVK6x/02o7f4VU6GPSXch9vNY2+gkU8tYWQ=="
    },
    "lodash@4.17.21": {
      "integrity": "sha512-v2kDEe57lecTulaDIuNTPy3Ry4gLGJ6Z1O3vE1krgXZNrsQ+LFTGHVxVjcXPs17LhbZVGedAJv8XZ1tvj5FvSg=="
    },
    "minimatch@9.0.5": {
      "integrity": "sha512-G6T0ZX48xgozx7587koeX9Ys2NYy6Gmv//P89sEte9V9whIapMNF4idKxnW2QtCcLiTWlb/wfCabAtAFWhhBow==",
      "dependencies": [
        "brace-expansion"
      ]
    },
    "tslib@2.8.1": {
      "integrity": "sha512-oJFu94HQb+KVduSUQL7wnpmqnfmLsOA/nAh6b6EH0wCEoK0/mPeXU6c3wKDV83MkOuHPRHtSXKKU99IBazS/2w=="
    }
  },
  "workspace": {
    "dependencies": [
      "jsr:@deno/dnt@~0.42.3",
      "jsr:@jollytoad/store-common@0.7",
      "jsr:@std/assert@^1.0.14",
      "jsr:@std/encoding@^1.0.10",
      "jsr:@std/fs@^1.0.19",
      "jsr:@std/path@^1.1.2",
      "npm:@forge/kvs@^1.0.5"
    ]
  }
}
